// !$*UTF8*$!
{
	archiveVersion = 1;
	classes = {
	};
	objectVersion = 50;
	objects = {

/* Begin PBXBuildFile section */
		EDC52A9521EFD0DD0087888F /* AppDelegate.swift in Sources */ = {isa = PBXBuildFile; fileRef = EDC52A9421EFD0DD0087888F /* AppDelegate.swift */; };
		EDC52A9721EFD0DD0087888F /* ViewController.swift in Sources */ = {isa = PBXBuildFile; fileRef = EDC52A9621EFD0DD0087888F /* ViewController.swift */; };
		EDC52A9A21EFD0DD0087888F /* Main.storyboard in Resources */ = {isa = PBXBuildFile; fileRef = EDC52A9821EFD0DD0087888F /* Main.storyboard */; };
		EDC52A9C21EFD0DE0087888F /* Assets.xcassets in Resources */ = {isa = PBXBuildFile; fileRef = EDC52A9B21EFD0DE0087888F /* Assets.xcassets */; };
		EDC52A9F21EFD0DE0087888F /* LaunchScreen.storyboard in Resources */ = {isa = PBXBuildFile; fileRef = EDC52A9D21EFD0DE0087888F /* LaunchScreen.storyboard */; };
/* End PBXBuildFile section */

/* Begin PBXFileReference section */
		EDC52A7521EFCFF50087888F /* IgnoreReturnValues.app */ = {isa = PBXFileReference; explicitFileType = wrapper.application; includeInIndex = 0; path = IgnoreReturnValues.app; sourceTree = BUILT_PRODUCTS_DIR; };
		EDC52A9221EFD0DD0087888F /* IgnoreReturnValues-Swift.app */ = {isa = PBXFileReference; explicitFileType = wrapper.application; includeInIndex = 0; path = "IgnoreReturnValues-Swift.app"; sourceTree = BUILT_PRODUCTS_DIR; };
		EDC52A9421EFD0DD0087888F /* AppDelegate.swift */ = {isa = PBXFileReference; lastKnownFileType = sourcecode.swift; path = AppDelegate.swift; sourceTree = "<group>"; };
		EDC52A9621EFD0DD0087888F /* ViewController.swift */ = {isa = PBXFileReference; lastKnownFileType = sourcecode.swift; path = ViewController.swift; sourceTree = "<group>"; };
		EDC52A9921EFD0DD0087888F /* Base */ = {isa = PBXFileReference; lastKnownFileType = file.storyboard; name = Base; path = Base.lproj/Main.storyboard; sourceTree = "<group>"; };
		EDC52A9B21EFD0DE0087888F /* Assets.xcassets */ = {isa = PBXFileReference; lastKnownFileType = folder.assetcatalog; path = Assets.xcassets; sourceTree = "<group>"; };
		EDC52A9E21EFD0DE0087888F /* Base */ = {isa = PBXFileReference; lastKnownFileType = file.storyboard; name = Base; path = Base.lproj/LaunchScreen.storyboard; sourceTree = "<group>"; };
		EDC52AA021EFD0DE0087888F /* Info.plist */ = {isa = PBXFileReference; lastKnownFileType = text.plist.xml; path = Info.plist; sourceTree = "<group>"; };
/* End PBXFileReference section */

/* Begin PBXFrameworksBuildPhase section */
		EDC52A7221EFCFF50087888F /* Frameworks */ = {
			isa = PBXFrameworksBuildPhase;
			buildActionMask = 2147483647;
			files = (
			);
			runOnlyForDeploymentPostprocessing = 0;
		};
		EDC52A8F21EFD0DD0087888F /* Frameworks */ = {
			isa = PBXFrameworksBuildPhase;
			buildActionMask = 2147483647;
			files = (
			);
			runOnlyForDeploymentPostprocessing = 0;
		};
/* End PBXFrameworksBuildPhase section */

/* Begin PBXGroup section */
		EDC52A6C21EFCFF50087888F = {
			isa = PBXGroup;
			children = (
				EDC52A9321EFD0DD0087888F /* IgnoreReturnValues-Swift */,
				EDC52A7621EFCFF50087888F /* Products */,
			);
			sourceTree = "<group>";
		};
		EDC52A7621EFCFF50087888F /* Products */ = {
			isa = PBXGroup;
			children = (
				EDC52A7521EFCFF50087888F /* IgnoreReturnValues.app */,
				EDC52A9221EFD0DD0087888F /* IgnoreReturnValues-Swift.app */,
			);
			name = Products;
			sourceTree = "<group>";
		};
		EDC52A9321EFD0DD0087888F /* IgnoreReturnValues-Swift */ = {
			isa = PBXGroup;
			children = (
				EDC52A9421EFD0DD0087888F /* AppDelegate.swift */,
				EDC52A9621EFD0DD0087888F /* ViewController.swift */,
				EDC52A9821EFD0DD0087888F /* Main.storyboard */,
				EDC52A9B21EFD0DE0087888F /* Assets.xcassets */,
				EDC52A9D21EFD0DE0087888F /* LaunchScreen.storyboard */,
				EDC52AA021EFD0DE0087888F /* Info.plist */,
			);
			path = "IgnoreReturnValues-Swift";
			sourceTree = "<group>";
		};
/* End PBXGroup section */

/* Begin PBXNativeTarget section */
		EDC52A7421EFCFF50087888F /* IgnoreReturnValues */ = {
			isa = PBXNativeTarget;
			buildConfigurationList = EDC52A8B21EFCFF60087888F /* Build configuration list for PBXNativeTarget "IgnoreReturnValues" */;
			buildPhases = (
				EDC52A7121EFCFF50087888F /* Sources */,
				EDC52A7221EFCFF50087888F /* Frameworks */,
				EDC52A7321EFCFF50087888F /* Resources */,
			);
			buildRules = (
			);
			dependencies = (
			);
			name = IgnoreReturnValues;
			productName = IgnoreReturnValues;
			productReference = EDC52A7521EFCFF50087888F /* IgnoreReturnValues.app */;
			productType = "com.apple.product-type.application";
		};
		EDC52A9121EFD0DD0087888F /* IgnoreReturnValues-Swift */ = {
			isa = PBXNativeTarget;
			buildConfigurationList = EDC52AA121EFD0DE0087888F /* Build configuration list for PBXNativeTarget "IgnoreReturnValues-Swift" */;
			buildPhases = (
				EDC52A8E21EFD0DD0087888F /* Sources */,
				EDC52A8F21EFD0DD0087888F /* Frameworks */,
				EDC52A9021EFD0DD0087888F /* Resources */,
			);
			buildRules = (
			);
			dependencies = (
			);
			name = "IgnoreReturnValues-Swift";
			productName = "IgnoreReturnValues-Swift";
			productReference = EDC52A9221EFD0DD0087888F /* IgnoreReturnValues-Swift.app */;
			productType = "com.apple.product-type.application";
		};
/* End PBXNativeTarget section */

/* Begin PBXProject section */
		EDC52A6D21EFCFF50087888F /* Project object */ = {
			isa = PBXProject;
			attributes = {
				LastSwiftUpdateCheck = 1000;
				LastUpgradeCheck = 1000;
				ORGANIZATIONNAME = None;
				TargetAttributes = {
					EDC52A7421EFCFF50087888F = {
						CreatedOnToolsVersion = 10.0;
					};
					EDC52A9121EFD0DD0087888F = {
						CreatedOnToolsVersion = 10.0;
					};
				};
			};
			buildConfigurationList = EDC52A7021EFCFF50087888F /* Build configuration list for PBXProject "IgnoreReturnValues" */;
			compatibilityVersion = "Xcode 9.3";
			developmentRegion = en;
			hasScannedForEncodings = 0;
			knownRegions = (
				en,
				Base,
			);
			mainGroup = EDC52A6C21EFCFF50087888F;
			productRefGroup = EDC52A7621EFCFF50087888F /* Products */;
			projectDirPath = "";
			projectRoot = "";
			targets = (
				EDC52A7421EFCFF50087888F /* IgnoreReturnValues */,
				EDC52A9121EFD0DD0087888F /* IgnoreReturnValues-Swift */,
			);
		};
/* End PBXProject section */

/* Begin PBXResourcesBuildPhase section */
		EDC52A7321EFCFF50087888F /* Resources */ = {
			isa = PBXResourcesBuildPhase;
			buildActionMask = 2147483647;
			files = (
			);
			runOnlyForDeploymentPostprocessing = 0;
		};
		EDC52A9021EFD0DD0087888F /* Resources */ = {
			isa = PBXResourcesBuildPhase;
			buildActionMask = 2147483647;
			files = (
				EDC52A9F21EFD0DE0087888F /* LaunchScreen.storyboard in Resources */,
				EDC52A9C21EFD0DE0087888F /* Assets.xcassets in Resources */,
				EDC52A9A21EFD0DD0087888F /* Main.storyboard in Resources */,
			);
			runOnlyForDeploymentPostprocessing = 0;
		};
/* End PBXResourcesBuildPhase section */

/* Begin PBXSourcesBuildPhase section */
		EDC52A7121EFCFF50087888F /* Sources */ = {
			isa = PBXSourcesBuildPhase;
			buildActionMask = 2147483647;
			files = (
			);
			runOnlyForDeploymentPostprocessing = 0;
		};
		EDC52A8E21EFD0DD0087888F /* Sources */ = {
			isa = PBXSourcesBuildPhase;
			buildActionMask = 2147483647;
			files = (
				EDC52A9721EFD0DD0087888F /* ViewController.swift in Sources */,
				EDC52A9521EFD0DD0087888F /* AppDelegate.swift in Sources */,
			);
			runOnlyForDeploymentPostprocessing = 0;
		};
/* End PBXSourcesBuildPhase section */

/* Begin PBXVariantGroup section */
		EDC52A9821EFD0DD0087888F /* Main.storyboard */ = {
			isa = PBXVariantGroup;
			children = (
				EDC52A9921EFD0DD0087888F /* Base */,
			);
			name = Main.storyboard;
			sourceTree = "<group>";
		};
		EDC52A9D21EFD0DE0087888F /* LaunchScreen.storyboard */ = {
			isa = PBXVariantGroup;
			children = (
				EDC52A9E21EFD0DE0087888F /* Base */,
			);
			name = LaunchScreen.storyboard;
			sourceTree = "<group>";
		};
/* End PBXVariantGroup section */

/* Begin XCBuildConfiguration section */
		EDC52A8921EFCFF60087888F /* Debug */ = {
			isa = XCBuildConfiguration;
			buildSettings = {
				ALWAYS_SEARCH_USER_PATHS = NO;
				CLANG_ANALYZER_NONNULL = YES;
				CLANG_ANALYZER_NUMBER_OBJECT_CONVERSION = YES_AGGRESSIVE;
				CLANG_CXX_LANGUAGE_STANDARD = "gnu++14";
				CLANG_CXX_LIBRARY = "libc++";
				CLANG_ENABLE_MODULES = YES;
				CLANG_ENABLE_OBJC_ARC = YES;
				CLANG_ENABLE_OBJC_WEAK = YES;
				CLANG_WARN_BLOCK_CAPTURE_AUTORELEASING = YES;
				CLANG_WARN_BOOL_CONVERSION = YES;
				CLANG_WARN_COMMA = YES;
				CLANG_WARN_CONSTANT_CONVERSION = YES;
				CLANG_WARN_DEPRECATED_OBJC_IMPLEMENTATIONS = YES;
				CLANG_WARN_DIRECT_OBJC_ISA_USAGE = YES_ERROR;
				CLANG_WARN_DOCUMENTATION_COMMENTS = YES;
				CLANG_WARN_EMPTY_BODY = YES;
				CLANG_WARN_ENUM_CONVERSION = YES;
				CLANG_WARN_INFINITE_RECURSION = YES;
				CLANG_WARN_INT_CONVERSION = YES;
				CLANG_WARN_NON_LITERAL_NULL_CONVERSION = YES;
				CLANG_WARN_OBJC_IMPLICIT_RETAIN_SELF = YES;
				CLANG_WARN_OBJC_LITERAL_CONVERSION = YES;
				CLANG_WARN_OBJC_ROOT_CLASS = YES_ERROR;
				CLANG_WARN_RANGE_LOOP_ANALYSIS = YES;
				CLANG_WARN_STRICT_PROTOTYPES = YES;
				CLANG_WARN_SUSPICIOUS_MOVE = YES;
				CLANG_WARN_UNGUARDED_AVAILABILITY = YES_AGGRESSIVE;
				CLANG_WARN_UNREACHABLE_CODE = YES;
				CLANG_WARN__DUPLICATE_METHOD_MATCH = YES;
				CODE_SIGN_IDENTITY = "iPhone Developer";
				COPY_PHASE_STRIP = NO;
				DEBUG_INFORMATION_FORMAT = dwarf;
				ENABLE_STRICT_OBJC_MSGSEND = YES;
				ENABLE_TESTABILITY = YES;
				GCC_C_LANGUAGE_STANDARD = gnu11;
				GCC_DYNAMIC_NO_PIC = NO;
				GCC_NO_COMMON_BLOCKS = YES;
				GCC_OPTIMIZATION_LEVEL = 0;
				GCC_PREPROCESSOR_DEFINITIONS = (
					"DEBUG=1",
					"$(inherited)",
				);
				GCC_WARN_64_TO_32_BIT_CONVERSION = YES;
				GCC_WARN_ABOUT_RETURN_TYPE = YES_ERROR;
				GCC_WARN_UNDECLARED_SELECTOR = YES;
				GCC_WARN_UNINITIALIZED_AUTOS = YES_AGGRESSIVE;
				GCC_WARN_UNUSED_FUNCTION = YES;
				GCC_WARN_UNUSED_VARIABLE = YES;
				IPHONEOS_DEPLOYMENT_TARGET = 12.0;
				MTL_ENABLE_DEBUG_INFO = INCLUDE_SOURCE;
				MTL_FAST_MATH = YES;
				ONLY_ACTIVE_ARCH = YES;
				SDKROOT = iphoneos;
			};
			name = Debug;
		};
		EDC52A8A21EFCFF60087888F /* Release */ = {
			isa = XCBuildConfiguration;
			buildSettings = {
				ALWAYS_SEARCH_USER_PATHS = NO;
				CLANG_ANALYZER_NONNULL = YES;
				CLANG_ANALYZER_NUMBER_OBJECT_CONVERSION = YES_AGGRESSIVE;
				CLANG_CXX_LANGUAGE_STANDARD = "gnu++14";
				CLANG_CXX_LIBRARY = "libc++";
				CLANG_ENABLE_MODULES = YES;
				CLANG_ENABLE_OBJC_ARC = YES;
				CLANG_ENABLE_OBJC_WEAK = YES;
				CLANG_WARN_BLOCK_CAPTURE_AUTORELEASING = YES;
				CLANG_WARN_BOOL_CONVERSION = YES;
				CLANG_WARN_COMMA = YES;
				CLANG_WARN_CONSTANT_CONVERSION = YES;
				CLANG_WARN_DEPRECATED_OBJC_IMPLEMENTATIONS = YES;
				CLANG_WARN_DIRECT_OBJC_ISA_USAGE = YES_ERROR;
				CLANG_WARN_DOCUMENTATION_COMMENTS = YES;
				CLANG_WARN_EMPTY_BODY = YES;
				CLANG_WARN_ENUM_CONVERSION = YES;
				CLANG_WARN_INFINITE_RECURSION = YES;
				CLANG_WARN_INT_CONVERSION = YES;
				CLANG_WARN_NON_LITERAL_NULL_CONVERSION = YES;
				CLANG_WARN_OBJC_IMPLICIT_RETAIN_SELF = YES;
				CLANG_WARN_OBJC_LITERAL_CONVERSION = YES;
				CLANG_WARN_OBJC_ROOT_CLASS = YES_ERROR;
				CLANG_WARN_RANGE_LOOP_ANALYSIS = YES;
				CLANG_WARN_STRICT_PROTOTYPES = YES;
				CLANG_WARN_SUSPICIOUS_MOVE = YES;
				CLANG_WARN_UNGUARDED_AVAILABILITY = YES_AGGRESSIVE;
				CLANG_WARN_UNREACHABLE_CODE = YES;
				CLANG_WARN__DUPLICATE_METHOD_MATCH = YES;
				CODE_SIGN_IDENTITY = "iPhone Developer";
				COPY_PHASE_STRIP = NO;
				DEBUG_INFORMATION_FORMAT = "dwarf-with-dsym";
				ENABLE_NS_ASSERTIONS = NO;
				ENABLE_STRICT_OBJC_MSGSEND = YES;
				GCC_C_LANGUAGE_STANDARD = gnu11;
				GCC_NO_COMMON_BLOCKS = YES;
				GCC_WARN_64_TO_32_BIT_CONVERSION = YES;
				GCC_WARN_ABOUT_RETURN_TYPE = YES_ERROR;
				GCC_WARN_UNDECLARED_SELECTOR = YES;
				GCC_WARN_UNINITIALIZED_AUTOS = YES_AGGRESSIVE;
				GCC_WARN_UNUSED_FUNCTION = YES;
				GCC_WARN_UNUSED_VARIABLE = YES;
				IPHONEOS_DEPLOYMENT_TARGET = 12.0;
				MTL_ENABLE_DEBUG_INFO = NO;
				MTL_FAST_MATH = YES;
				SDKROOT = iphoneos;
				VALIDATE_PRODUCT = YES;
			};
			name = Release;
		};
		EDC52A8C21EFCFF60087888F /* Debug */ = {
			isa = XCBuildConfiguration;
			buildSettings = {
				ASSETCATALOG_COMPILER_APPICON_NAME = AppIcon;
				CODE_SIGN_STYLE = Automatic;
				INFOPLIST_FILE = IgnoreReturnValues/Info.plist;
				LD_RUNPATH_SEARCH_PATHS = (
					"$(inherited)",
					"@executable_path/Frameworks",
				);
				PRODUCT_BUNDLE_IDENTIFIER = None.IgnoreReturnValues;
				PRODUCT_NAME = "$(TARGET_NAME)";
				TARGETED_DEVICE_FAMILY = "1,2";
			};
			name = Debug;
		};
		EDC52A8D21EFCFF60087888F /* Release */ = {
			isa = XCBuildConfiguration;
			buildSettings = {
				ASSETCATALOG_COMPILER_APPICON_NAME = AppIcon;
				CODE_SIGN_STYLE = Automatic;
				INFOPLIST_FILE = IgnoreReturnValues/Info.plist;
				LD_RUNPATH_SEARCH_PATHS = (
					"$(inherited)",
					"@executable_path/Frameworks",
				);
				PRODUCT_BUNDLE_IDENTIFIER = None.IgnoreReturnValues;
				PRODUCT_NAME = "$(TARGET_NAME)";
				TARGETED_DEVICE_FAMILY = "1,2";
			};
			name = Release;
		};
		EDC52AA221EFD0DE0087888F /* Debug */ = {
			isa = XCBuildConfiguration;
			buildSettings = {
				ASSETCATALOG_COMPILER_APPICON_NAME = AppIcon;
				CODE_SIGN_STYLE = Automatic;
				INFOPLIST_FILE = "IgnoreReturnValues-Swift/Info.plist";
				LD_RUNPATH_SEARCH_PATHS = (
					"$(inherited)",
					"@executable_path/Frameworks",
				);
				PRODUCT_BUNDLE_IDENTIFIER = "None.IgnoreReturnValues-Swift";
				PRODUCT_NAME = "$(TARGET_NAME)";
				SWIFT_ACTIVE_COMPILATION_CONDITIONS = DEBUG;
				SWIFT_OPTIMIZATION_LEVEL = "-Onone";
				SWIFT_VERSION = 4.2;
				TARGETED_DEVICE_FAMILY = "1,2";
			};
			name = Debug;
		};
		EDC52AA321EFD0DE0087888F /* Release */ = {
			isa = XCBuildConfiguration;
			buildSettings = {
				ASSETCATALOG_COMPILER_APPICON_NAME = AppIcon;
				CODE_SIGN_STYLE = Automatic;
				INFOPLIST_FILE = "IgnoreReturnValues-Swift/Info.plist";
				LD_RUNPATH_SEARCH_PATHS = (
					"$(inherited)",
					"@executable_path/Frameworks",
				);
				PRODUCT_BUNDLE_IDENTIFIER = "None.IgnoreReturnValues-Swift";
				PRODUCT_NAME = "$(TARGET_NAME)";
				SWIFT_COMPILATION_MODE = wholemodule;
				SWIFT_OPTIMIZATION_LEVEL = "-O";
				SWIFT_VERSION = 4.2;
				TARGETED_DEVICE_FAMILY = "1,2";
			};
			name = Release;
		};
/* End XCBuildConfiguration section */

/* Begin XCConfigurationList section */
		EDC52A7021EFCFF50087888F /* Build configuration list for PBXProject "IgnoreReturnValues" */ = {
			isa = XCConfigurationList;
			buildConfigurations = (
				EDC52A8921EFCFF60087888F /* Debug */,
				EDC52A8A21EFCFF60087888F /* Release */,
			);
			defaultConfigurationIsVisible = 0;
			defaultConfigurationName = Release;
		};
		EDC52A8B21EFCFF60087888F /* Build configuration list for PBXNativeTarget "IgnoreReturnValues" */ = {
			isa = XCConfigurationList;
			buildConfigurations = (
				EDC52A8C21EFCFF60087888F /* Debug */,
				EDC52A8D21EFCFF60087888F /* Release */,
			);
			defaultConfigurationIsVisible = 0;
			defaultConfigurationName = Release;
		};
		EDC52AA121EFD0DE0087888F /* Build configuration list for PBXNativeTarget "IgnoreReturnValues-Swift" */ = {
			isa = XCConfigurationList;
			buildConfigurations = (
				EDC52AA221EFD0DE0087888F /* Debug */,
				EDC52AA321EFD0DE0087888F /* Release */,
			);
			defaultConfigurationIsVisible = 0;
			defaultConfigurationName = Release;
		};
/* End XCConfigurationList section */
	};
	rootObject = EDC52A6D21EFCFF50087888F /* Project object */;
}
